
Microsoft Visual Studio Solution File, Format Version 12.00
# Visual Studio 15
Project("{FAE04EC0-301F-11D3-BF4B-00C04F79EFBC}") = "AARC.Service.Hosted", "Apps\AARC.Service.Hosted\AARC.Service.Hosted.csproj", "{B5A2BD0A-8041-4592-BCCF-67646D84C28D}"
EndProject
Project("{FAE04EC0-301F-11D3-BF4B-00C04F79EFBC}") = "AARC.Mesh", "Libs\AARC.Mesh\AARC.Mesh.csproj", "{45E5D3F1-AAA9-4F3F-8081-9BD62F6962FD}"
EndProject
Project("{FAE04EC0-301F-11D3-BF4B-00C04F79EFBC}") = "AARC.Graph.Test", "UT\AARC.Graph.Test\AARC.Graph.Test.csproj", "{60D4F2C0-BB62-4A9F-922D-4013166FF34B}"
EndProject
Project("{FAE04EC0-301F-11D3-BF4B-00C04F79EFBC}") = "AARC.Mesh.TCP", "Libs\AARC.Mesh.TCP\AARC.Mesh.TCP.csproj", "{CD76DE1D-1174-4EA9-9921-4AFECF249A54}"
EndProject
Project("{FAE04EC0-301F-11D3-BF4B-00C04F79EFBC}") = "AARC.Mesh.Dataflow", "Libs\AARC.Mesh.Dataflow\AARC.Mesh.Dataflow.csproj", "{D32A147B-10B8-478D-9041-B10A1BE85252}"
EndProject
Project("{FAE04EC0-301F-11D3-BF4B-00C04F79EFBC}") = "AARC.Model", "Libs\AARC.Model\AARC.Model.csproj", "{2D4B87C2-DBB6-41DE-8F5A-E2B59D9E8149}"
EndProject
Project("{FAE04EC0-301F-11D3-BF4B-00C04F79EFBC}") = "AARC.Repository.EF", "Libs\AARC.Repository.EF\AARC.Repository.EF.csproj", "{65B05AFC-5BDE-4A51-9054-5938C042920E}"
EndProject
Project("{FAE04EC0-301F-11D3-BF4B-00C04F79EFBC}") = "AARC.RDS", "Libs\AARC.RDS\AARC.RDS.csproj", "{E577F30C-48B7-485E-BCDA-7FC0B2F5D370}"
EndProject
Project("{FAE04EC0-301F-11D3-BF4B-00C04F79EFBC}") = "AARC.Repository.Interfaces", "Libs\AARC.Repository.Interfaces\AARC.Repository.Interfaces.csproj", "{504F5602-9659-4213-A133-5BD27531D7B7}"
EndProject
Project("{FAE04EC0-301F-11D3-BF4B-00C04F79EFBC}") = "AARC.Utilities", "Libs\AARC.Utilities\AARC.Utilities.csproj", "{B7E700E9-00B2-43F6-AD8F-10D9E40A1869}"
EndProject
Project("{FAE04EC0-301F-11D3-BF4B-00C04F79EFBC}") = "AARC.MeshTests", "UT\AARC.MeshTests\AARC.MeshTests.csproj", "{2CE47614-26CD-4234-B080-A1C777310AFF}"
EndProject
Project("{FAE04EC0-301F-11D3-BF4B-00C04F79EFBC}") = "AARC.Mesh.Client", "Apps\AARC.Mesh.Client\AARC.Mesh.Client.csproj", "{ED405DF0-86C5-4A72-A614-B3C476B4AD16}"
EndProject
Global
	GlobalSection(SolutionConfigurationPlatforms) = preSolution
		Debug|Any CPU = Debug|Any CPU
		Release|Any CPU = Release|Any CPU
	EndGlobalSection
	GlobalSection(ProjectConfigurationPlatforms) = postSolution
		{B5A2BD0A-8041-4592-BCCF-67646D84C28D}.Debug|Any CPU.ActiveCfg = Debug|Any CPU
		{B5A2BD0A-8041-4592-BCCF-67646D84C28D}.Debug|Any CPU.Build.0 = Debug|Any CPU
		{B5A2BD0A-8041-4592-BCCF-67646D84C28D}.Release|Any CPU.ActiveCfg = Release|Any CPU
		{B5A2BD0A-8041-4592-BCCF-67646D84C28D}.Release|Any CPU.Build.0 = Release|Any CPU
		{45E5D3F1-AAA9-4F3F-8081-9BD62F6962FD}.Debug|Any CPU.ActiveCfg = Debug|Any CPU
		{45E5D3F1-AAA9-4F3F-8081-9BD62F6962FD}.Debug|Any CPU.Build.0 = Debug|Any CPU
		{45E5D3F1-AAA9-4F3F-8081-9BD62F6962FD}.Release|Any CPU.ActiveCfg = Release|Any CPU
		{45E5D3F1-AAA9-4F3F-8081-9BD62F6962FD}.Release|Any CPU.Build.0 = Release|Any CPU
		{60D4F2C0-BB62-4A9F-922D-4013166FF34B}.Debug|Any CPU.ActiveCfg = Debug|Any CPU
		{60D4F2C0-BB62-4A9F-922D-4013166FF34B}.Debug|Any CPU.Build.0 = Debug|Any CPU
		{60D4F2C0-BB62-4A9F-922D-4013166FF34B}.Release|Any CPU.ActiveCfg = Release|Any CPU
		{60D4F2C0-BB62-4A9F-922D-4013166FF34B}.Release|Any CPU.Build.0 = Release|Any CPU
		{CD76DE1D-1174-4EA9-9921-4AFECF249A54}.Debug|Any CPU.ActiveCfg = Debug|Any CPU
		{CD76DE1D-1174-4EA9-9921-4AFECF249A54}.Debug|Any CPU.Build.0 = Debug|Any CPU
		{CD76DE1D-1174-4EA9-9921-4AFECF249A54}.Release|Any CPU.ActiveCfg = Release|Any CPU
		{CD76DE1D-1174-4EA9-9921-4AFECF249A54}.Release|Any CPU.Build.0 = Release|Any CPU
		{D32A147B-10B8-478D-9041-B10A1BE85252}.Debug|Any CPU.ActiveCfg = Debug|Any CPU
		{D32A147B-10B8-478D-9041-B10A1BE85252}.Debug|Any CPU.Build.0 = Debug|Any CPU
		{D32A147B-10B8-478D-9041-B10A1BE85252}.Release|Any CPU.ActiveCfg = Release|Any CPU
		{D32A147B-10B8-478D-9041-B10A1BE85252}.Release|Any CPU.Build.0 = Release|Any CPU
		{2D4B87C2-DBB6-41DE-8F5A-E2B59D9E8149}.Debug|Any CPU.ActiveCfg = Debug|Any CPU
		{2D4B87C2-DBB6-41DE-8F5A-E2B59D9E8149}.Debug|Any CPU.Build.0 = Debug|Any CPU
		{2D4B87C2-DBB6-41DE-8F5A-E2B59D9E8149}.Release|Any CPU.ActiveCfg = Release|Any CPU
		{2D4B87C2-DBB6-41DE-8F5A-E2B59D9E8149}.Release|Any CPU.Build.0 = Release|Any CPU
		{65B05AFC-5BDE-4A51-9054-5938C042920E}.Debug|Any CPU.ActiveCfg = Debug|Any CPU
		{65B05AFC-5BDE-4A51-9054-5938C042920E}.Debug|Any CPU.Build.0 = Debug|Any CPU
		{65B05AFC-5BDE-4A51-9054-5938C042920E}.Release|Any CPU.ActiveCfg = Release|Any CPU
		{65B05AFC-5BDE-4A51-9054-5938C042920E}.Release|Any CPU.Build.0 = Release|Any CPU
		{E577F30C-48B7-485E-BCDA-7FC0B2F5D370}.Debug|Any CPU.ActiveCfg = Debug|Any CPU
		{E577F30C-48B7-485E-BCDA-7FC0B2F5D370}.Debug|Any CPU.Build.0 = Debug|Any CPU
		{E577F30C-48B7-485E-BCDA-7FC0B2F5D370}.Release|Any CPU.ActiveCfg = Release|Any CPU
		{E577F30C-48B7-485E-BCDA-7FC0B2F5D370}.Release|Any CPU.Build.0 = Release|Any CPU
		{504F5602-9659-4213-A133-5BD27531D7B7}.Debug|Any CPU.ActiveCfg = Debug|Any CPU
		{504F5602-9659-4213-A133-5BD27531D7B7}.Debug|Any CPU.Build.0 = Debug|Any CPU
		{504F5602-9659-4213-A133-5BD27531D7B7}.Release|Any CPU.ActiveCfg = Release|Any CPU
		{504F5602-9659-4213-A133-5BD27531D7B7}.Release|Any CPU.Build.0 = Release|Any CPU
		{B7E700E9-00B2-43F6-AD8F-10D9E40A1869}.Debug|Any CPU.ActiveCfg = Debug|Any CPU
		{B7E700E9-00B2-43F6-AD8F-10D9E40A1869}.Debug|Any CPU.Build.0 = Debug|Any CPU
		{B7E700E9-00B2-43F6-AD8F-10D9E40A1869}.Release|Any CPU.ActiveCfg = Release|Any CPU
		{B7E700E9-00B2-43F6-AD8F-10D9E40A1869}.Release|Any CPU.Build.0 = Release|Any CPU
		{2CE47614-26CD-4234-B080-A1C777310AFF}.Debug|Any CPU.ActiveCfg = Debug|Any CPU
		{2CE47614-26CD-4234-B080-A1C777310AFF}.Debug|Any CPU.Build.0 = Debug|Any CPU
		{2CE47614-26CD-4234-B080-A1C777310AFF}.Release|Any CPU.ActiveCfg = Release|Any CPU
		{2CE47614-26CD-4234-B080-A1C777310AFF}.Release|Any CPU.Build.0 = Release|Any CPU
		{ED405DF0-86C5-4A72-A614-B3C476B4AD16}.Debug|Any CPU.ActiveCfg = Debug|Any CPU
		{ED405DF0-86C5-4A72-A614-B3C476B4AD16}.Debug|Any CPU.Build.0 = Debug|Any CPU
		{ED405DF0-86C5-4A72-A614-B3C476B4AD16}.Release|Any CPU.ActiveCfg = Release|Any CPU
		{ED405DF0-86C5-4A72-A614-B3C476B4AD16}.Release|Any CPU.Build.0 = Release|Any CPU
	EndGlobalSection
EndGlobal
