
Microsoft Visual Studio Solution File, Format Version 12.00
# Visual Studio 15
Project("{FAE04EC0-301F-11D3-BF4B-00C04F79EFBC}") = "AARC.Utilities", "Libs\AARC.Utilities\AARC.Utilities.csproj", "{5733442F-957B-4400-B014-E690C20C012B}"
EndProject
Project("{FAE04EC0-301F-11D3-BF4B-00C04F79EFBC}") = "AARC.DateLib", "Libs\AARC.DateLib\AARC.DateLib.csproj", "{EFD24FA5-3B85-4A36-9D7A-4D4309F590F0}"
EndProject
Project("{FAE04EC0-301F-11D3-BF4B-00C04F79EFBC}") = "AARC.Model", "Libs\AARC.Model\AARC.Model.csproj", "{7C823257-D5C8-4202-A21D-33931A5C1312}"
EndProject
Project("{FAE04EC0-301F-11D3-BF4B-00C04F79EFBC}") = "AARC.RDS", "Libs\AARC.RDS\AARC.RDS.csproj", "{F93E540F-A667-4022-B593-C4AA594EB2C3}"
EndProject
Project("{FAE04EC0-301F-11D3-BF4B-00C04F79EFBC}") = "AARC.Repository.EF", "Libs\AARC.Repository.EF\AARC.Repository.EF.csproj", "{13323E07-A35C-407F-AF20-9EAE3B56303B}"
EndProject
Project("{FAE04EC0-301F-11D3-BF4B-00C04F79EFBC}") = "AARC.Repository.ORM", "Libs\AARC.Repository.ORM\AARC.Repository.ORM.csproj", "{A9991769-AB1A-4812-94C3-B1E16E8EFE1B}"
EndProject
Project("{FAE04EC0-301F-11D3-BF4B-00C04F79EFBC}") = "aarcYahooFinETL", "Apps\aarcETLYahoo\aarcYahooFinETL.csproj", "{F68C2740-59E6-4819-93F4-2691FB386759}"
EndProject
Project("{FAE04EC0-301F-11D3-BF4B-00C04F79EFBC}") = "AARC.Repository.Interfaces", "Libs\AARC.Repository.Interfaces\AARC.Repository.Interfaces.csproj", "{DEF6485F-BEAC-4736-A690-C4DE6404B1F8}"
EndProject
Global
	GlobalSection(SolutionConfigurationPlatforms) = preSolution
		Debug|Any CPU = Debug|Any CPU
		Release|Any CPU = Release|Any CPU
	EndGlobalSection
	GlobalSection(ProjectConfigurationPlatforms) = postSolution
		{5733442F-957B-4400-B014-E690C20C012B}.Debug|Any CPU.ActiveCfg = Debug|Any CPU
		{5733442F-957B-4400-B014-E690C20C012B}.Debug|Any CPU.Build.0 = Debug|Any CPU
		{5733442F-957B-4400-B014-E690C20C012B}.Release|Any CPU.ActiveCfg = Release|Any CPU
		{5733442F-957B-4400-B014-E690C20C012B}.Release|Any CPU.Build.0 = Release|Any CPU
		{EFD24FA5-3B85-4A36-9D7A-4D4309F590F0}.Debug|Any CPU.ActiveCfg = Debug|Any CPU
		{EFD24FA5-3B85-4A36-9D7A-4D4309F590F0}.Debug|Any CPU.Build.0 = Debug|Any CPU
		{EFD24FA5-3B85-4A36-9D7A-4D4309F590F0}.Release|Any CPU.ActiveCfg = Release|Any CPU
		{EFD24FA5-3B85-4A36-9D7A-4D4309F590F0}.Release|Any CPU.Build.0 = Release|Any CPU
		{7C823257-D5C8-4202-A21D-33931A5C1312}.Debug|Any CPU.ActiveCfg = Debug|Any CPU
		{7C823257-D5C8-4202-A21D-33931A5C1312}.Debug|Any CPU.Build.0 = Debug|Any CPU
		{7C823257-D5C8-4202-A21D-33931A5C1312}.Release|Any CPU.ActiveCfg = Release|Any CPU
		{7C823257-D5C8-4202-A21D-33931A5C1312}.Release|Any CPU.Build.0 = Release|Any CPU
		{F93E540F-A667-4022-B593-C4AA594EB2C3}.Debug|Any CPU.ActiveCfg = Debug|Any CPU
		{F93E540F-A667-4022-B593-C4AA594EB2C3}.Debug|Any CPU.Build.0 = Debug|Any CPU
		{F93E540F-A667-4022-B593-C4AA594EB2C3}.Release|Any CPU.ActiveCfg = Release|Any CPU
		{F93E540F-A667-4022-B593-C4AA594EB2C3}.Release|Any CPU.Build.0 = Release|Any CPU
		{13323E07-A35C-407F-AF20-9EAE3B56303B}.Debug|Any CPU.ActiveCfg = Debug|Any CPU
		{13323E07-A35C-407F-AF20-9EAE3B56303B}.Debug|Any CPU.Build.0 = Debug|Any CPU
		{13323E07-A35C-407F-AF20-9EAE3B56303B}.Release|Any CPU.ActiveCfg = Release|Any CPU
		{13323E07-A35C-407F-AF20-9EAE3B56303B}.Release|Any CPU.Build.0 = Release|Any CPU
		{A9991769-AB1A-4812-94C3-B1E16E8EFE1B}.Debug|Any CPU.ActiveCfg = Debug|Any CPU
		{A9991769-AB1A-4812-94C3-B1E16E8EFE1B}.Debug|Any CPU.Build.0 = Debug|Any CPU
		{A9991769-AB1A-4812-94C3-B1E16E8EFE1B}.Release|Any CPU.ActiveCfg = Release|Any CPU
		{A9991769-AB1A-4812-94C3-B1E16E8EFE1B}.Release|Any CPU.Build.0 = Release|Any CPU
		{F68C2740-59E6-4819-93F4-2691FB386759}.Debug|Any CPU.ActiveCfg = Debug|Any CPU
		{F68C2740-59E6-4819-93F4-2691FB386759}.Debug|Any CPU.Build.0 = Debug|Any CPU
		{F68C2740-59E6-4819-93F4-2691FB386759}.Release|Any CPU.ActiveCfg = Release|Any CPU
		{F68C2740-59E6-4819-93F4-2691FB386759}.Release|Any CPU.Build.0 = Release|Any CPU
		{DEF6485F-BEAC-4736-A690-C4DE6404B1F8}.Debug|Any CPU.ActiveCfg = Debug|Any CPU
		{DEF6485F-BEAC-4736-A690-C4DE6404B1F8}.Debug|Any CPU.Build.0 = Debug|Any CPU
		{DEF6485F-BEAC-4736-A690-C4DE6404B1F8}.Release|Any CPU.ActiveCfg = Release|Any CPU
		{DEF6485F-BEAC-4736-A690-C4DE6404B1F8}.Release|Any CPU.Build.0 = Release|Any CPU
	EndGlobalSection
	GlobalSection(MonoDevelopProperties) = preSolution
		Policies = $0
		$0.DotNetNamingPolicy = $1
		$1.DirectoryNamespaceAssociation = PrefixedHierarchical
		$0.TextStylePolicy = $2
		$2.inheritsSet = null
		$2.scope = text/x-csharp
		$0.CSharpFormattingPolicy = $3
		$3.scope = text/x-csharp
		$0.TextStylePolicy = $4
		$4.FileWidth = 80
		$4.TabsToSpaces = True
		$4.scope = text/plain
		$0.StandardHeader = $5
		$0.VersionControlPolicy = $6
	EndGlobalSection
EndGlobal
